// !$*UTF8*$!
{
	archiveVersion = 1;
	classes = {
	};
	objectVersion = 50;
	objects = {

/* Begin PBXBuildFile section */
		FF22668E27C7E5300008CAD8 /* OverallGradeTableViewCell.swift in Sources */ = {isa = PBXBuildFile; fileRef = FF22668D27C7E5300008CAD8 /* OverallGradeTableViewCell.swift */; };
		FF22669027CAB1D90008CAD8 /* CategorySummaryTableViewCell.swift in Sources */ = {isa = PBXBuildFile; fileRef = FF22668F27CAB1D90008CAD8 /* CategorySummaryTableViewCell.swift */; };
		FF2CB21627C2B8B2007C1DE7 /* TermHeaderTableViewCell.swift in Sources */ = {isa = PBXBuildFile; fileRef = FF2CB21527C2B8B2007C1DE7 /* TermHeaderTableViewCell.swift */; };
		FF2CB21827C2BD88007C1DE7 /* CourseSelectionTableViewCell.swift in Sources */ = {isa = PBXBuildFile; fileRef = FF2CB21727C2BD88007C1DE7 /* CourseSelectionTableViewCell.swift */; };
		FF31E3C0271A57930060BFFB /* AppDelegate.swift in Sources */ = {isa = PBXBuildFile; fileRef = FF31E3BF271A57930060BFFB /* AppDelegate.swift */; };
		FF31E3C2271A57930060BFFB /* SceneDelegate.swift in Sources */ = {isa = PBXBuildFile; fileRef = FF31E3C1271A57930060BFFB /* SceneDelegate.swift */; };
		FF31E3C4271A57930060BFFB /* ViewController.swift in Sources */ = {isa = PBXBuildFile; fileRef = FF31E3C3271A57930060BFFB /* ViewController.swift */; };
		FF31E3C7271A57930060BFFB /* Main.storyboard in Resources */ = {isa = PBXBuildFile; fileRef = FF31E3C5271A57930060BFFB /* Main.storyboard */; };
		FF31E3C9271A57950060BFFB /* Assets.xcassets in Resources */ = {isa = PBXBuildFile; fileRef = FF31E3C8271A57950060BFFB /* Assets.xcassets */; };
		FF31E3CC271A57950060BFFB /* LaunchScreen.storyboard in Resources */ = {isa = PBXBuildFile; fileRef = FF31E3CA271A57950060BFFB /* LaunchScreen.storyboard */; };
		FF31E3D7271A57950060BFFB /* GradeKeeperTests.swift in Sources */ = {isa = PBXBuildFile; fileRef = FF31E3D6271A57950060BFFB /* GradeKeeperTests.swift */; };
		FF31E3E2271A57950060BFFB /* GradeKeeperUITests.swift in Sources */ = {isa = PBXBuildFile; fileRef = FF31E3E1271A57950060BFFB /* GradeKeeperUITests.swift */; };
		FF5E6E98272C6141006F895E /* EditAssignmentTableViewController.swift in Sources */ = {isa = PBXBuildFile; fileRef = FF5E6E97272C6141006F895E /* EditAssignmentTableViewController.swift */; };
		FF5E6E9A27304467006F895E /* SplitViewController.swift in Sources */ = {isa = PBXBuildFile; fileRef = FF5E6E9927304467006F895E /* SplitViewController.swift */; };
		FF5E6E9C27306438006F895E /* SelectCategoryTableViewController.swift in Sources */ = {isa = PBXBuildFile; fileRef = FF5E6E9B27306438006F895E /* SelectCategoryTableViewController.swift */; };
		FF5E6E9E2731C991006F895E /* CreateCategoryTableViewController.swift in Sources */ = {isa = PBXBuildFile; fileRef = FF5E6E9D2731C991006F895E /* CreateCategoryTableViewController.swift */; };
		FF5E6EA027363ED9006F895E /* ViewAssignmentTableViewController.swift in Sources */ = {isa = PBXBuildFile; fileRef = FF5E6E9F27363ED9006F895E /* ViewAssignmentTableViewController.swift */; };
		FF67D71C272B05BF00E847A2 /* LoginViewController.swift in Sources */ = {isa = PBXBuildFile; fileRef = FF67D71B272B05BF00E847A2 /* LoginViewController.swift */; };
		FF67D71E272B1A5A00E847A2 /* CourseListTableViewCell.swift in Sources */ = {isa = PBXBuildFile; fileRef = FF67D71D272B1A5A00E847A2 /* CourseListTableViewCell.swift */; };
		FF67D720272B1D1D00E847A2 /* AssignmentTableViewCell.swift in Sources */ = {isa = PBXBuildFile; fileRef = FF67D71F272B1D1D00E847A2 /* AssignmentTableViewCell.swift */; };
		FF67D722272B1F5700E847A2 /* ViewCourseTableViewController.swift in Sources */ = {isa = PBXBuildFile; fileRef = FF67D721272B1F5700E847A2 /* ViewCourseTableViewController.swift */; };
		FFC146C0276EE5FD00417299 /* GKStructures.swift in Sources */ = {isa = PBXBuildFile; fileRef = FFC146BF276EE5FD00417299 /* GKStructures.swift */; };
		FFC146C2276EE65000417299 /* GKCalls.swift in Sources */ = {isa = PBXBuildFile; fileRef = FFC146C1276EE65000417299 /* GKCalls.swift */; };
		FFC14703276FEB5900417299 /* CreateCourseTableViewController.swift in Sources */ = {isa = PBXBuildFile; fileRef = FFC14702276FEB5900417299 /* CreateCourseTableViewController.swift */; };
		FFC14705277033B500417299 /* EditGradeTableViewController.swift in Sources */ = {isa = PBXBuildFile; fileRef = FFC14704277033B500417299 /* EditGradeTableViewController.swift */; };
		FFC14707277033BE00417299 /* EditCategoryTableViewController.swift in Sources */ = {isa = PBXBuildFile; fileRef = FFC14706277033BE00417299 /* EditCategoryTableViewController.swift */; };
		FFC14709277033EF00417299 /* ViewCategoriesTableViewController.swift in Sources */ = {isa = PBXBuildFile; fileRef = FFC14708277033EF00417299 /* ViewCategoriesTableViewController.swift */; };
		FFC1470B2770340000417299 /* ViewGradeScaleTableViewController.swift in Sources */ = {isa = PBXBuildFile; fileRef = FFC1470A2770340000417299 /* ViewGradeScaleTableViewController.swift */; };
		FFC1470D2770342800417299 /* GradeScaleTableViewCell.swift in Sources */ = {isa = PBXBuildFile; fileRef = FFC1470C2770342800417299 /* GradeScaleTableViewCell.swift */; };
		FFC1470F2770455800417299 /* ViewCourseDetailsTableViewController.swift in Sources */ = {isa = PBXBuildFile; fileRef = FFC1470E2770455800417299 /* ViewCourseDetailsTableViewController.swift */; };
		FFC6855D272A3F8D00CDFE99 /* MainTableViewController.swift in Sources */ = {isa = PBXBuildFile; fileRef = FFC6855C272A3F8D00CDFE99 /* MainTableViewController.swift */; };
		FFC6855F272A3FB900CDFE99 /* GradeKeeper.swift in Sources */ = {isa = PBXBuildFile; fileRef = FFC6855E272A3FB900CDFE99 /* GradeKeeper.swift */; };
		FFCCDCAD27AF206800E8C6CD /* SelectTermTableViewController.swift in Sources */ = {isa = PBXBuildFile; fileRef = FFCCDCAC27AF206800E8C6CD /* SelectTermTableViewController.swift */; };
		FFCCDCAF27AF81EE00E8C6CD /* CreateTermTableViewController.swift in Sources */ = {isa = PBXBuildFile; fileRef = FFCCDCAE27AF81EE00E8C6CD /* CreateTermTableViewController.swift */; };
		FFFCC8B727C311E800110E93 /* ViewTermTableViewController.swift in Sources */ = {isa = PBXBuildFile; fileRef = FFFCC8B627C311E800110E93 /* ViewTermTableViewController.swift */; };
/* End PBXBuildFile section */

/* Begin PBXContainerItemProxy section */
		FF31E3D3271A57950060BFFB /* PBXContainerItemProxy */ = {
			isa = PBXContainerItemProxy;
			containerPortal = FF31E3B4271A57930060BFFB /* Project object */;
			proxyType = 1;
			remoteGlobalIDString = FF31E3BB271A57930060BFFB;
			remoteInfo = GradeKeeper;
		};
		FF31E3DE271A57950060BFFB /* PBXContainerItemProxy */ = {
			isa = PBXContainerItemProxy;
			containerPortal = FF31E3B4271A57930060BFFB /* Project object */;
			proxyType = 1;
			remoteGlobalIDString = FF31E3BB271A57930060BFFB;
			remoteInfo = GradeKeeper;
		};
/* End PBXContainerItemProxy section */

/* Begin PBXFileReference section */
		FF22668D27C7E5300008CAD8 /* OverallGradeTableViewCell.swift */ = {isa = PBXFileReference; lastKnownFileType = sourcecode.swift; path = OverallGradeTableViewCell.swift; sourceTree = "<group>"; };
		FF22668F27CAB1D90008CAD8 /* CategorySummaryTableViewCell.swift */ = {isa = PBXFileReference; lastKnownFileType = sourcecode.swift; path = CategorySummaryTableViewCell.swift; sourceTree = "<group>"; };
		FF2CB21527C2B8B2007C1DE7 /* TermHeaderTableViewCell.swift */ = {isa = PBXFileReference; lastKnownFileType = sourcecode.swift; path = TermHeaderTableViewCell.swift; sourceTree = "<group>"; };
		FF2CB21727C2BD88007C1DE7 /* CourseSelectionTableViewCell.swift */ = {isa = PBXFileReference; lastKnownFileType = sourcecode.swift; path = CourseSelectionTableViewCell.swift; sourceTree = "<group>"; };
		FF31E3BC271A57930060BFFB /* Courseman.app */ = {isa = PBXFileReference; explicitFileType = wrapper.application; includeInIndex = 0; path = Courseman.app; sourceTree = BUILT_PRODUCTS_DIR; };
		FF31E3BF271A57930060BFFB /* AppDelegate.swift */ = {isa = PBXFileReference; lastKnownFileType = sourcecode.swift; path = AppDelegate.swift; sourceTree = "<group>"; };
		FF31E3C1271A57930060BFFB /* SceneDelegate.swift */ = {isa = PBXFileReference; lastKnownFileType = sourcecode.swift; path = SceneDelegate.swift; sourceTree = "<group>"; };
		FF31E3C3271A57930060BFFB /* ViewController.swift */ = {isa = PBXFileReference; lastKnownFileType = sourcecode.swift; path = ViewController.swift; sourceTree = "<group>"; };
		FF31E3C6271A57930060BFFB /* Base */ = {isa = PBXFileReference; lastKnownFileType = file.storyboard; name = Base; path = Base.lproj/Main.storyboard; sourceTree = "<group>"; };
		FF31E3C8271A57950060BFFB /* Assets.xcassets */ = {isa = PBXFileReference; lastKnownFileType = folder.assetcatalog; path = Assets.xcassets; sourceTree = "<group>"; };
		FF31E3CB271A57950060BFFB /* Base */ = {isa = PBXFileReference; lastKnownFileType = file.storyboard; name = Base; path = Base.lproj/LaunchScreen.storyboard; sourceTree = "<group>"; };
		FF31E3CD271A57950060BFFB /* Info.plist */ = {isa = PBXFileReference; lastKnownFileType = text.plist.xml; path = Info.plist; sourceTree = "<group>"; };
		FF31E3D2271A57950060BFFB /* CoursemanTests.xctest */ = {isa = PBXFileReference; explicitFileType = wrapper.cfbundle; includeInIndex = 0; path = CoursemanTests.xctest; sourceTree = BUILT_PRODUCTS_DIR; };
		FF31E3D6271A57950060BFFB /* GradeKeeperTests.swift */ = {isa = PBXFileReference; lastKnownFileType = sourcecode.swift; path = GradeKeeperTests.swift; sourceTree = "<group>"; };
		FF31E3D8271A57950060BFFB /* Info.plist */ = {isa = PBXFileReference; lastKnownFileType = text.plist.xml; path = Info.plist; sourceTree = "<group>"; };
		FF31E3DD271A57950060BFFB /* CoursemanUITests.xctest */ = {isa = PBXFileReference; explicitFileType = wrapper.cfbundle; includeInIndex = 0; path = CoursemanUITests.xctest; sourceTree = BUILT_PRODUCTS_DIR; };
		FF31E3E1271A57950060BFFB /* GradeKeeperUITests.swift */ = {isa = PBXFileReference; lastKnownFileType = sourcecode.swift; path = GradeKeeperUITests.swift; sourceTree = "<group>"; };
		FF31E3E3271A57950060BFFB /* Info.plist */ = {isa = PBXFileReference; lastKnownFileType = text.plist.xml; path = Info.plist; sourceTree = "<group>"; };
		FF5E6E94272C501B006F895E /* GradeKeeper.entitlements */ = {isa = PBXFileReference; lastKnownFileType = text.plist.entitlements; path = GradeKeeper.entitlements; sourceTree = "<group>"; };
		FF5E6E97272C6141006F895E /* EditAssignmentTableViewController.swift */ = {isa = PBXFileReference; lastKnownFileType = sourcecode.swift; path = EditAssignmentTableViewController.swift; sourceTree = "<group>"; };
		FF5E6E9927304467006F895E /* SplitViewController.swift */ = {isa = PBXFileReference; lastKnownFileType = sourcecode.swift; path = SplitViewController.swift; sourceTree = "<group>"; };
		FF5E6E9B27306438006F895E /* SelectCategoryTableViewController.swift */ = {isa = PBXFileReference; lastKnownFileType = sourcecode.swift; path = SelectCategoryTableViewController.swift; sourceTree = "<group>"; };
		FF5E6E9D2731C991006F895E /* CreateCategoryTableViewController.swift */ = {isa = PBXFileReference; lastKnownFileType = sourcecode.swift; path = CreateCategoryTableViewController.swift; sourceTree = "<group>"; };
		FF5E6E9F27363ED9006F895E /* ViewAssignmentTableViewController.swift */ = {isa = PBXFileReference; lastKnownFileType = sourcecode.swift; path = ViewAssignmentTableViewController.swift; sourceTree = "<group>"; };
		FF67D71B272B05BF00E847A2 /* LoginViewController.swift */ = {isa = PBXFileReference; lastKnownFileType = sourcecode.swift; path = LoginViewController.swift; sourceTree = "<group>"; };
		FF67D71D272B1A5A00E847A2 /* CourseListTableViewCell.swift */ = {isa = PBXFileReference; lastKnownFileType = sourcecode.swift; path = CourseListTableViewCell.swift; sourceTree = "<group>"; };
		FF67D71F272B1D1D00E847A2 /* AssignmentTableViewCell.swift */ = {isa = PBXFileReference; lastKnownFileType = sourcecode.swift; path = AssignmentTableViewCell.swift; sourceTree = "<group>"; };
		FF67D721272B1F5700E847A2 /* ViewCourseTableViewController.swift */ = {isa = PBXFileReference; lastKnownFileType = sourcecode.swift; path = ViewCourseTableViewController.swift; sourceTree = "<group>"; };
		FFC146BF276EE5FD00417299 /* GKStructures.swift */ = {isa = PBXFileReference; lastKnownFileType = sourcecode.swift; path = GKStructures.swift; sourceTree = "<group>"; };
		FFC146C1276EE65000417299 /* GKCalls.swift */ = {isa = PBXFileReference; lastKnownFileType = sourcecode.swift; path = GKCalls.swift; sourceTree = "<group>"; };
		FFC14702276FEB5900417299 /* CreateCourseTableViewController.swift */ = {isa = PBXFileReference; lastKnownFileType = sourcecode.swift; path = CreateCourseTableViewController.swift; sourceTree = "<group>"; };
		FFC14704277033B500417299 /* EditGradeTableViewController.swift */ = {isa = PBXFileReference; lastKnownFileType = sourcecode.swift; path = EditGradeTableViewController.swift; sourceTree = "<group>"; };
		FFC14706277033BE00417299 /* EditCategoryTableViewController.swift */ = {isa = PBXFileReference; lastKnownFileType = sourcecode.swift; path = EditCategoryTableViewController.swift; sourceTree = "<group>"; };
		FFC14708277033EF00417299 /* ViewCategoriesTableViewController.swift */ = {isa = PBXFileReference; lastKnownFileType = sourcecode.swift; path = ViewCategoriesTableViewController.swift; sourceTree = "<group>"; };
		FFC1470A2770340000417299 /* ViewGradeScaleTableViewController.swift */ = {isa = PBXFileReference; lastKnownFileType = sourcecode.swift; path = ViewGradeScaleTableViewController.swift; sourceTree = "<group>"; };
		FFC1470C2770342800417299 /* GradeScaleTableViewCell.swift */ = {isa = PBXFileReference; lastKnownFileType = sourcecode.swift; path = GradeScaleTableViewCell.swift; sourceTree = "<group>"; };
		FFC1470E2770455800417299 /* ViewCourseDetailsTableViewController.swift */ = {isa = PBXFileReference; lastKnownFileType = sourcecode.swift; path = ViewCourseDetailsTableViewController.swift; sourceTree = "<group>"; };
		FFC6855C272A3F8D00CDFE99 /* MainTableViewController.swift */ = {isa = PBXFileReference; lastKnownFileType = sourcecode.swift; path = MainTableViewController.swift; sourceTree = "<group>"; };
		FFC6855E272A3FB900CDFE99 /* GradeKeeper.swift */ = {isa = PBXFileReference; lastKnownFileType = sourcecode.swift; path = GradeKeeper.swift; sourceTree = "<group>"; };
		FFCCDCAC27AF206800E8C6CD /* SelectTermTableViewController.swift */ = {isa = PBXFileReference; lastKnownFileType = sourcecode.swift; path = SelectTermTableViewController.swift; sourceTree = "<group>"; };
		FFCCDCAE27AF81EE00E8C6CD /* CreateTermTableViewController.swift */ = {isa = PBXFileReference; lastKnownFileType = sourcecode.swift; path = CreateTermTableViewController.swift; sourceTree = "<group>"; };
		FFFCC8B627C311E800110E93 /* ViewTermTableViewController.swift */ = {isa = PBXFileReference; lastKnownFileType = sourcecode.swift; path = ViewTermTableViewController.swift; sourceTree = "<group>"; };
/* End PBXFileReference section */

/* Begin PBXFrameworksBuildPhase section */
		FF31E3B9271A57930060BFFB /* Frameworks */ = {
			isa = PBXFrameworksBuildPhase;
			buildActionMask = 2147483647;
			files = (
			);
			runOnlyForDeploymentPostprocessing = 0;
		};
		FF31E3CF271A57950060BFFB /* Frameworks */ = {
			isa = PBXFrameworksBuildPhase;
			buildActionMask = 2147483647;
			files = (
			);
			runOnlyForDeploymentPostprocessing = 0;
		};
		FF31E3DA271A57950060BFFB /* Frameworks */ = {
			isa = PBXFrameworksBuildPhase;
			buildActionMask = 2147483647;
			files = (
			);
			runOnlyForDeploymentPostprocessing = 0;
		};
/* End PBXFrameworksBuildPhase section */

/* Begin PBXGroup section */
		FF31E3B3271A57930060BFFB = {
			isa = PBXGroup;
			children = (
				FF31E3BE271A57930060BFFB /* GradeKeeper */,
				FF31E3D5271A57950060BFFB /* GradeKeeperTests */,
				FF31E3E0271A57950060BFFB /* GradeKeeperUITests */,
				FF31E3BD271A57930060BFFB /* Products */,
			);
			sourceTree = "<group>";
		};
		FF31E3BD271A57930060BFFB /* Products */ = {
			isa = PBXGroup;
			children = (
				FF31E3BC271A57930060BFFB /* Courseman.app */,
				FF31E3D2271A57950060BFFB /* CoursemanTests.xctest */,
				FF31E3DD271A57950060BFFB /* CoursemanUITests.xctest */,
			);
			name = Products;
			sourceTree = "<group>";
		};
		FF31E3BE271A57930060BFFB /* GradeKeeper */ = {
			isa = PBXGroup;
			children = (
				FF5E6E94272C501B006F895E /* GradeKeeper.entitlements */,
				FF31E3BF271A57930060BFFB /* AppDelegate.swift */,
				FF31E3C1271A57930060BFFB /* SceneDelegate.swift */,
				FF31E3C3271A57930060BFFB /* ViewController.swift */,
				FF31E3C5271A57930060BFFB /* Main.storyboard */,
				FF67D724272B8C8300E847A2 /* Library */,
				FF67D725272B8C8F00E847A2 /* Table Cells */,
				FF67D723272B8C5F00E847A2 /* View Controllers */,
				FF31E3C8271A57950060BFFB /* Assets.xcassets */,
				FF31E3CA271A57950060BFFB /* LaunchScreen.storyboard */,
				FF31E3CD271A57950060BFFB /* Info.plist */,
			);
			path = GradeKeeper;
			sourceTree = "<group>";
		};
		FF31E3D5271A57950060BFFB /* GradeKeeperTests */ = {
			isa = PBXGroup;
			children = (
				FF31E3D6271A57950060BFFB /* GradeKeeperTests.swift */,
				FF31E3D8271A57950060BFFB /* Info.plist */,
			);
			path = GradeKeeperTests;
			sourceTree = "<group>";
		};
		FF31E3E0271A57950060BFFB /* GradeKeeperUITests */ = {
			isa = PBXGroup;
			children = (
				FF31E3E1271A57950060BFFB /* GradeKeeperUITests.swift */,
				FF31E3E3271A57950060BFFB /* Info.plist */,
			);
			path = GradeKeeperUITests;
			sourceTree = "<group>";
		};
		FF67D723272B8C5F00E847A2 /* View Controllers */ = {
			isa = PBXGroup;
			children = (
				FF5E6E9927304467006F895E /* SplitViewController.swift */,
				FFC6855C272A3F8D00CDFE99 /* MainTableViewController.swift */,
				FF67D71B272B05BF00E847A2 /* LoginViewController.swift */,
				FFC14702276FEB5900417299 /* CreateCourseTableViewController.swift */,
				FF5E6E9D2731C991006F895E /* CreateCategoryTableViewController.swift */,
				FFCCDCAE27AF81EE00E8C6CD /* CreateTermTableViewController.swift */,
				FF5E6E97272C6141006F895E /* EditAssignmentTableViewController.swift */,
				FFC14704277033B500417299 /* EditGradeTableViewController.swift */,
				FFC14706277033BE00417299 /* EditCategoryTableViewController.swift */,
				FFFCC8B627C311E800110E93 /* ViewTermTableViewController.swift */,
				FFC14708277033EF00417299 /* ViewCategoriesTableViewController.swift */,
				FFC1470A2770340000417299 /* ViewGradeScaleTableViewController.swift */,
				FF5E6E9F27363ED9006F895E /* ViewAssignmentTableViewController.swift */,
				FF67D721272B1F5700E847A2 /* ViewCourseTableViewController.swift */,
				FFC1470E2770455800417299 /* ViewCourseDetailsTableViewController.swift */,
				FF5E6E9B27306438006F895E /* SelectCategoryTableViewController.swift */,
				FFCCDCAC27AF206800E8C6CD /* SelectTermTableViewController.swift */,
			);
			path = "View Controllers";
			sourceTree = "<group>";
		};
		FF67D724272B8C8300E847A2 /* Library */ = {
			isa = PBXGroup;
			children = (
				FFC6855E272A3FB900CDFE99 /* GradeKeeper.swift */,
				FFC146C1276EE65000417299 /* GKCalls.swift */,
				FFC146BF276EE5FD00417299 /* GKStructures.swift */,
			);
			path = Library;
			sourceTree = "<group>";
		};
		FF67D725272B8C8F00E847A2 /* Table Cells */ = {
			isa = PBXGroup;
			children = (
				FF67D71D272B1A5A00E847A2 /* CourseListTableViewCell.swift */,
				FF2CB21727C2BD88007C1DE7 /* CourseSelectionTableViewCell.swift */,
				FF67D71F272B1D1D00E847A2 /* AssignmentTableViewCell.swift */,
				FF22668D27C7E5300008CAD8 /* OverallGradeTableViewCell.swift */,
				FFC1470C2770342800417299 /* GradeScaleTableViewCell.swift */,
				FF2CB21527C2B8B2007C1DE7 /* TermHeaderTableViewCell.swift */,
				FF22668F27CAB1D90008CAD8 /* CategorySummaryTableViewCell.swift */,
			);
			path = "Table Cells";
			sourceTree = "<group>";
		};
/* End PBXGroup section */

/* Begin PBXNativeTarget section */
		FF31E3BB271A57930060BFFB /* Courseman */ = {
			isa = PBXNativeTarget;
			buildConfigurationList = FF31E3E6271A57950060BFFB /* Build configuration list for PBXNativeTarget "Courseman" */;
			buildPhases = (
				FF31E3B8271A57930060BFFB /* Sources */,
				FF31E3B9271A57930060BFFB /* Frameworks */,
				FF31E3BA271A57930060BFFB /* Resources */,
			);
			buildRules = (
			);
			dependencies = (
			);
			name = Courseman;
			productName = GradeKeeper;
			productReference = FF31E3BC271A57930060BFFB /* Courseman.app */;
			productType = "com.apple.product-type.application";
		};
		FF31E3D1271A57950060BFFB /* CoursemanTests */ = {
			isa = PBXNativeTarget;
			buildConfigurationList = FF31E3E9271A57950060BFFB /* Build configuration list for PBXNativeTarget "CoursemanTests" */;
			buildPhases = (
				FF31E3CE271A57950060BFFB /* Sources */,
				FF31E3CF271A57950060BFFB /* Frameworks */,
				FF31E3D0271A57950060BFFB /* Resources */,
			);
			buildRules = (
			);
			dependencies = (
				FF31E3D4271A57950060BFFB /* PBXTargetDependency */,
			);
			name = CoursemanTests;
			productName = GradeKeeperTests;
			productReference = FF31E3D2271A57950060BFFB /* CoursemanTests.xctest */;
			productType = "com.apple.product-type.bundle.unit-test";
		};
		FF31E3DC271A57950060BFFB /* CoursemanUITests */ = {
			isa = PBXNativeTarget;
			buildConfigurationList = FF31E3EC271A57950060BFFB /* Build configuration list for PBXNativeTarget "CoursemanUITests" */;
			buildPhases = (
				FF31E3D9271A57950060BFFB /* Sources */,
				FF31E3DA271A57950060BFFB /* Frameworks */,
				FF31E3DB271A57950060BFFB /* Resources */,
			);
			buildRules = (
			);
			dependencies = (
				FF31E3DF271A57950060BFFB /* PBXTargetDependency */,
			);
			name = CoursemanUITests;
			productName = GradeKeeperUITests;
			productReference = FF31E3DD271A57950060BFFB /* CoursemanUITests.xctest */;
			productType = "com.apple.product-type.bundle.ui-testing";
		};
/* End PBXNativeTarget section */

/* Begin PBXProject section */
		FF31E3B4271A57930060BFFB /* Project object */ = {
			isa = PBXProject;
			attributes = {
				LastSwiftUpdateCheck = 1250;
				LastUpgradeCheck = 1250;
				TargetAttributes = {
					FF31E3BB271A57930060BFFB = {
						CreatedOnToolsVersion = 12.5.1;
						LastSwiftMigration = 1320;
					};
					FF31E3D1271A57950060BFFB = {
						CreatedOnToolsVersion = 12.5.1;
						TestTargetID = FF31E3BB271A57930060BFFB;
					};
					FF31E3DC271A57950060BFFB = {
						CreatedOnToolsVersion = 12.5.1;
						TestTargetID = FF31E3BB271A57930060BFFB;
					};
				};
			};
			buildConfigurationList = FF31E3B7271A57930060BFFB /* Build configuration list for PBXProject "Courseman" */;
			compatibilityVersion = "Xcode 9.3";
			developmentRegion = en;
			hasScannedForEncodings = 0;
			knownRegions = (
				en,
				Base,
			);
			mainGroup = FF31E3B3271A57930060BFFB;
			productRefGroup = FF31E3BD271A57930060BFFB /* Products */;
			projectDirPath = "";
			projectRoot = "";
			targets = (
				FF31E3BB271A57930060BFFB /* Courseman */,
				FF31E3D1271A57950060BFFB /* CoursemanTests */,
				FF31E3DC271A57950060BFFB /* CoursemanUITests */,
			);
		};
/* End PBXProject section */

/* Begin PBXResourcesBuildPhase section */
		FF31E3BA271A57930060BFFB /* Resources */ = {
			isa = PBXResourcesBuildPhase;
			buildActionMask = 2147483647;
			files = (
				FF31E3CC271A57950060BFFB /* LaunchScreen.storyboard in Resources */,
				FF31E3C9271A57950060BFFB /* Assets.xcassets in Resources */,
				FF31E3C7271A57930060BFFB /* Main.storyboard in Resources */,
			);
			runOnlyForDeploymentPostprocessing = 0;
		};
		FF31E3D0271A57950060BFFB /* Resources */ = {
			isa = PBXResourcesBuildPhase;
			buildActionMask = 2147483647;
			files = (
			);
			runOnlyForDeploymentPostprocessing = 0;
		};
		FF31E3DB271A57950060BFFB /* Resources */ = {
			isa = PBXResourcesBuildPhase;
			buildActionMask = 2147483647;
			files = (
			);
			runOnlyForDeploymentPostprocessing = 0;
		};
/* End PBXResourcesBuildPhase section */

/* Begin PBXSourcesBuildPhase section */
		FF31E3B8271A57930060BFFB /* Sources */ = {
			isa = PBXSourcesBuildPhase;
			buildActionMask = 2147483647;
			files = (
				FF5E6E98272C6141006F895E /* EditAssignmentTableViewController.swift in Sources */,
				FFC14707277033BE00417299 /* EditCategoryTableViewController.swift in Sources */,
				FF5E6E9E2731C991006F895E /* CreateCategoryTableViewController.swift in Sources */,
				FF67D71C272B05BF00E847A2 /* LoginViewController.swift in Sources */,
				FFC14703276FEB5900417299 /* CreateCourseTableViewController.swift in Sources */,
				FFCCDCAD27AF206800E8C6CD /* SelectTermTableViewController.swift in Sources */,
				FFC146C0276EE5FD00417299 /* GKStructures.swift in Sources */,
				FFC146C2276EE65000417299 /* GKCalls.swift in Sources */,
				FF22669027CAB1D90008CAD8 /* CategorySummaryTableViewCell.swift in Sources */,
				FFCCDCAF27AF81EE00E8C6CD /* CreateTermTableViewController.swift in Sources */,
				FF5E6E9A27304467006F895E /* SplitViewController.swift in Sources */,
				FFC6855D272A3F8D00CDFE99 /* MainTableViewController.swift in Sources */,
				FF5E6EA027363ED9006F895E /* ViewAssignmentTableViewController.swift in Sources */,
				FF67D71E272B1A5A00E847A2 /* CourseListTableViewCell.swift in Sources */,
				FFC6855F272A3FB900CDFE99 /* GradeKeeper.swift in Sources */,
				FF67D720272B1D1D00E847A2 /* AssignmentTableViewCell.swift in Sources */,
				FF2CB21827C2BD88007C1DE7 /* CourseSelectionTableViewCell.swift in Sources */,
				FF31E3C4271A57930060BFFB /* ViewController.swift in Sources */,
				FF22668E27C7E5300008CAD8 /* OverallGradeTableViewCell.swift in Sources */,
				FFC1470D2770342800417299 /* GradeScaleTableViewCell.swift in Sources */,
				FF31E3C0271A57930060BFFB /* AppDelegate.swift in Sources */,
				FF67D722272B1F5700E847A2 /* ViewCourseTableViewController.swift in Sources */,
				FFC14705277033B500417299 /* EditGradeTableViewController.swift in Sources */,
				FF2CB21627C2B8B2007C1DE7 /* TermHeaderTableViewCell.swift in Sources */,
				FFC1470F2770455800417299 /* ViewCourseDetailsTableViewController.swift in Sources */,
				FF31E3C2271A57930060BFFB /* SceneDelegate.swift in Sources */,
				FFC14709277033EF00417299 /* ViewCategoriesTableViewController.swift in Sources */,
				FFC1470B2770340000417299 /* ViewGradeScaleTableViewController.swift in Sources */,
				FFFCC8B727C311E800110E93 /* ViewTermTableViewController.swift in Sources */,
				FF5E6E9C27306438006F895E /* SelectCategoryTableViewController.swift in Sources */,
			);
			runOnlyForDeploymentPostprocessing = 0;
		};
		FF31E3CE271A57950060BFFB /* Sources */ = {
			isa = PBXSourcesBuildPhase;
			buildActionMask = 2147483647;
			files = (
				FF31E3D7271A57950060BFFB /* GradeKeeperTests.swift in Sources */,
			);
			runOnlyForDeploymentPostprocessing = 0;
		};
		FF31E3D9271A57950060BFFB /* Sources */ = {
			isa = PBXSourcesBuildPhase;
			buildActionMask = 2147483647;
			files = (
				FF31E3E2271A57950060BFFB /* GradeKeeperUITests.swift in Sources */,
			);
			runOnlyForDeploymentPostprocessing = 0;
		};
/* End PBXSourcesBuildPhase section */

/* Begin PBXTargetDependency section */
		FF31E3D4271A57950060BFFB /* PBXTargetDependency */ = {
			isa = PBXTargetDependency;
			target = FF31E3BB271A57930060BFFB /* Courseman */;
			targetProxy = FF31E3D3271A57950060BFFB /* PBXContainerItemProxy */;
		};
		FF31E3DF271A57950060BFFB /* PBXTargetDependency */ = {
			isa = PBXTargetDependency;
			target = FF31E3BB271A57930060BFFB /* Courseman */;
			targetProxy = FF31E3DE271A57950060BFFB /* PBXContainerItemProxy */;
		};
/* End PBXTargetDependency section */

/* Begin PBXVariantGroup section */
		FF31E3C5271A57930060BFFB /* Main.storyboard */ = {
			isa = PBXVariantGroup;
			children = (
				FF31E3C6271A57930060BFFB /* Base */,
			);
			name = Main.storyboard;
			sourceTree = "<group>";
		};
		FF31E3CA271A57950060BFFB /* LaunchScreen.storyboard */ = {
			isa = PBXVariantGroup;
			children = (
				FF31E3CB271A57950060BFFB /* Base */,
			);
			name = LaunchScreen.storyboard;
			sourceTree = "<group>";
		};
/* End PBXVariantGroup section */

/* Begin XCBuildConfiguration section */
		FF31E3E4271A57950060BFFB /* Debug */ = {
			isa = XCBuildConfiguration;
			buildSettings = {
				ALWAYS_SEARCH_USER_PATHS = NO;
				CLANG_ANALYZER_NONNULL = YES;
				CLANG_ANALYZER_NUMBER_OBJECT_CONVERSION = YES_AGGRESSIVE;
				CLANG_CXX_LANGUAGE_STANDARD = "gnu++14";
				CLANG_CXX_LIBRARY = "libc++";
				CLANG_ENABLE_MODULES = YES;
				CLANG_ENABLE_OBJC_ARC = YES;
				CLANG_ENABLE_OBJC_WEAK = YES;
				CLANG_WARN_BLOCK_CAPTURE_AUTORELEASING = YES;
				CLANG_WARN_BOOL_CONVERSION = YES;
				CLANG_WARN_COMMA = YES;
				CLANG_WARN_CONSTANT_CONVERSION = YES;
				CLANG_WARN_DEPRECATED_OBJC_IMPLEMENTATIONS = YES;
				CLANG_WARN_DIRECT_OBJC_ISA_USAGE = YES_ERROR;
				CLANG_WARN_DOCUMENTATION_COMMENTS = YES;
				CLANG_WARN_EMPTY_BODY = YES;
				CLANG_WARN_ENUM_CONVERSION = YES;
				CLANG_WARN_INFINITE_RECURSION = YES;
				CLANG_WARN_INT_CONVERSION = YES;
				CLANG_WARN_NON_LITERAL_NULL_CONVERSION = YES;
				CLANG_WARN_OBJC_IMPLICIT_RETAIN_SELF = YES;
				CLANG_WARN_OBJC_LITERAL_CONVERSION = YES;
				CLANG_WARN_OBJC_ROOT_CLASS = YES_ERROR;
				CLANG_WARN_QUOTED_INCLUDE_IN_FRAMEWORK_HEADER = YES;
				CLANG_WARN_RANGE_LOOP_ANALYSIS = YES;
				CLANG_WARN_STRICT_PROTOTYPES = YES;
				CLANG_WARN_SUSPICIOUS_MOVE = YES;
				CLANG_WARN_UNGUARDED_AVAILABILITY = YES_AGGRESSIVE;
				CLANG_WARN_UNREACHABLE_CODE = YES;
				CLANG_WARN__DUPLICATE_METHOD_MATCH = YES;
				COPY_PHASE_STRIP = NO;
				DEBUG_INFORMATION_FORMAT = dwarf;
				ENABLE_STRICT_OBJC_MSGSEND = YES;
				ENABLE_TESTABILITY = YES;
				GCC_C_LANGUAGE_STANDARD = gnu11;
				GCC_DYNAMIC_NO_PIC = NO;
				GCC_NO_COMMON_BLOCKS = YES;
				GCC_OPTIMIZATION_LEVEL = 0;
				GCC_PREPROCESSOR_DEFINITIONS = (
					"DEBUG=1",
					"$(inherited)",
				);
				GCC_WARN_64_TO_32_BIT_CONVERSION = YES;
				GCC_WARN_ABOUT_RETURN_TYPE = YES_ERROR;
				GCC_WARN_UNDECLARED_SELECTOR = YES;
				GCC_WARN_UNINITIALIZED_AUTOS = YES_AGGRESSIVE;
				GCC_WARN_UNUSED_FUNCTION = YES;
				GCC_WARN_UNUSED_VARIABLE = YES;
				IPHONEOS_DEPLOYMENT_TARGET = 14.5;
				MTL_ENABLE_DEBUG_INFO = INCLUDE_SOURCE;
				MTL_FAST_MATH = YES;
				ONLY_ACTIVE_ARCH = YES;
				SDKROOT = iphoneos;
				SWIFT_ACTIVE_COMPILATION_CONDITIONS = DEBUG;
				SWIFT_OPTIMIZATION_LEVEL = "-Onone";
			};
			name = Debug;
		};
		FF31E3E5271A57950060BFFB /* Release */ = {
			isa = XCBuildConfiguration;
			buildSettings = {
				ALWAYS_SEARCH_USER_PATHS = NO;
				CLANG_ANALYZER_NONNULL = YES;
				CLANG_ANALYZER_NUMBER_OBJECT_CONVERSION = YES_AGGRESSIVE;
				CLANG_CXX_LANGUAGE_STANDARD = "gnu++14";
				CLANG_CXX_LIBRARY = "libc++";
				CLANG_ENABLE_MODULES = YES;
				CLANG_ENABLE_OBJC_ARC = YES;
				CLANG_ENABLE_OBJC_WEAK = YES;
				CLANG_WARN_BLOCK_CAPTURE_AUTORELEASING = YES;
				CLANG_WARN_BOOL_CONVERSION = YES;
				CLANG_WARN_COMMA = YES;
				CLANG_WARN_CONSTANT_CONVERSION = YES;
				CLANG_WARN_DEPRECATED_OBJC_IMPLEMENTATIONS = YES;
				CLANG_WARN_DIRECT_OBJC_ISA_USAGE = YES_ERROR;
				CLANG_WARN_DOCUMENTATION_COMMENTS = YES;
				CLANG_WARN_EMPTY_BODY = YES;
				CLANG_WARN_ENUM_CONVERSION = YES;
				CLANG_WARN_INFINITE_RECURSION = YES;
				CLANG_WARN_INT_CONVERSION = YES;
				CLANG_WARN_NON_LITERAL_NULL_CONVERSION = YES;
				CLANG_WARN_OBJC_IMPLICIT_RETAIN_SELF = YES;
				CLANG_WARN_OBJC_LITERAL_CONVERSION = YES;
				CLANG_WARN_OBJC_ROOT_CLASS = YES_ERROR;
				CLANG_WARN_QUOTED_INCLUDE_IN_FRAMEWORK_HEADER = YES;
				CLANG_WARN_RANGE_LOOP_ANALYSIS = YES;
				CLANG_WARN_STRICT_PROTOTYPES = YES;
				CLANG_WARN_SUSPICIOUS_MOVE = YES;
				CLANG_WARN_UNGUARDED_AVAILABILITY = YES_AGGRESSIVE;
				CLANG_WARN_UNREACHABLE_CODE = YES;
				CLANG_WARN__DUPLICATE_METHOD_MATCH = YES;
				COPY_PHASE_STRIP = NO;
				DEBUG_INFORMATION_FORMAT = "dwarf-with-dsym";
				ENABLE_NS_ASSERTIONS = NO;
				ENABLE_STRICT_OBJC_MSGSEND = YES;
				GCC_C_LANGUAGE_STANDARD = gnu11;
				GCC_NO_COMMON_BLOCKS = YES;
				GCC_WARN_64_TO_32_BIT_CONVERSION = YES;
				GCC_WARN_ABOUT_RETURN_TYPE = YES_ERROR;
				GCC_WARN_UNDECLARED_SELECTOR = YES;
				GCC_WARN_UNINITIALIZED_AUTOS = YES_AGGRESSIVE;
				GCC_WARN_UNUSED_FUNCTION = YES;
				GCC_WARN_UNUSED_VARIABLE = YES;
				IPHONEOS_DEPLOYMENT_TARGET = 14.5;
				MTL_ENABLE_DEBUG_INFO = NO;
				MTL_FAST_MATH = YES;
				SDKROOT = iphoneos;
				SWIFT_COMPILATION_MODE = wholemodule;
				SWIFT_OPTIMIZATION_LEVEL = "-O";
				VALIDATE_PRODUCT = YES;
			};
			name = Release;
		};
		FF31E3E7271A57950060BFFB /* Debug */ = {
			isa = XCBuildConfiguration;
			buildSettings = {
				ASSETCATALOG_COMPILER_APPICON_NAME = AppIcon;
				ASSETCATALOG_COMPILER_GLOBAL_ACCENT_COLOR_NAME = AccentColor;
				CLANG_ENABLE_MODULES = YES;
				CODE_SIGN_ENTITLEMENTS = GradeKeeper/GradeKeeper.entitlements;
				CODE_SIGN_STYLE = Automatic;
				DEVELOPMENT_TEAM = Y7NL9XLUR5;
				INFOPLIST_FILE = GradeKeeper/Info.plist;
				IPHONEOS_DEPLOYMENT_TARGET = 13.0;
				"IPHONEOS_DEPLOYMENT_TARGET[sdk=macosx*]" = 14.2;
				LD_RUNPATH_SEARCH_PATHS = (
					"$(inherited)",
					"@executable_path/Frameworks",
				);
				PRODUCT_BUNDLE_IDENTIFIER = io.noahsadir.courseman;
				PRODUCT_NAME = "$(TARGET_NAME)";
				SUPPORTS_MACCATALYST = YES;
				SWIFT_OPTIMIZATION_LEVEL = "-Onone";
				SWIFT_VERSION = 5.0;
				TARGETED_DEVICE_FAMILY = "1,2,6";
			};
			name = Debug;
		};
		FF31E3E8271A57950060BFFB /* Release */ = {
			isa = XCBuildConfiguration;
			buildSettings = {
				ASSETCATALOG_COMPILER_APPICON_NAME = AppIcon;
				ASSETCATALOG_COMPILER_GLOBAL_ACCENT_COLOR_NAME = AccentColor;
				CLANG_ENABLE_MODULES = YES;
				CODE_SIGN_ENTITLEMENTS = GradeKeeper/GradeKeeper.entitlements;
				CODE_SIGN_STYLE = Automatic;
				DEVELOPMENT_TEAM = Y7NL9XLUR5;
				INFOPLIST_FILE = GradeKeeper/Info.plist;
				IPHONEOS_DEPLOYMENT_TARGET = 13.0;
				"IPHONEOS_DEPLOYMENT_TARGET[sdk=macosx*]" = 14.2;
				LD_RUNPATH_SEARCH_PATHS = (
					"$(inherited)",
					"@executable_path/Frameworks",
				);
				PRODUCT_BUNDLE_IDENTIFIER = io.noahsadir.courseman;
				PRODUCT_NAME = "$(TARGET_NAME)";
				SUPPORTS_MACCATALYST = YES;
				SWIFT_VERSION = 5.0;
				TARGETED_DEVICE_FAMILY = "1,2,6";
			};
			name = Release;
		};
		FF31E3EA271A57950060BFFB /* Debug */ = {
			isa = XCBuildConfiguration;
			buildSettings = {
				ALWAYS_EMBED_SWIFT_STANDARD_LIBRARIES = YES;
				BUNDLE_LOADER = "$(TEST_HOST)";
				CODE_SIGN_STYLE = Automatic;
				DEVELOPMENT_TEAM = Y7NL9XLUR5;
				INFOPLIST_FILE = GradeKeeperTests/Info.plist;
				IPHONEOS_DEPLOYMENT_TARGET = 14.5;
				LD_RUNPATH_SEARCH_PATHS = (
					"$(inherited)",
					"@executable_path/Frameworks",
					"@loader_path/Frameworks",
				);
				PRODUCT_BUNDLE_IDENTIFIER = io.noahsadir.GradeKeeperTests;
				PRODUCT_NAME = "$(TARGET_NAME)";
				SWIFT_VERSION = 5.0;
				TARGETED_DEVICE_FAMILY = "1,2";
				TEST_HOST = "$(BUILT_PRODUCTS_DIR)/Courseman.app/Courseman";
			};
			name = Debug;
		};
		FF31E3EB271A57950060BFFB /* Release */ = {
			isa = XCBuildConfiguration;
			buildSettings = {
				ALWAYS_EMBED_SWIFT_STANDARD_LIBRARIES = YES;
				BUNDLE_LOADER = "$(TEST_HOST)";
				CODE_SIGN_STYLE = Automatic;
				DEVELOPMENT_TEAM = Y7NL9XLUR5;
				INFOPLIST_FILE = GradeKeeperTests/Info.plist;
				IPHONEOS_DEPLOYMENT_TARGET = 14.5;
				LD_RUNPATH_SEARCH_PATHS = (
					"$(inherited)",
					"@executable_path/Frameworks",
					"@loader_path/Frameworks",
				);
				PRODUCT_BUNDLE_IDENTIFIER = io.noahsadir.GradeKeeperTests;
				PRODUCT_NAME = "$(TARGET_NAME)";
				SWIFT_VERSION = 5.0;
				TARGETED_DEVICE_FAMILY = "1,2";
				TEST_HOST = "$(BUILT_PRODUCTS_DIR)/Courseman.app/Courseman";
			};
			name = Release;
		};
		FF31E3ED271A57950060BFFB /* Debug */ = {
			isa = XCBuildConfiguration;
			buildSettings = {
				ALWAYS_EMBED_SWIFT_STANDARD_LIBRARIES = YES;
				CODE_SIGN_STYLE = Automatic;
				DEVELOPMENT_TEAM = Y7NL9XLUR5;
				INFOPLIST_FILE = GradeKeeperUITests/Info.plist;
				LD_RUNPATH_SEARCH_PATHS = (
					"$(inherited)",
					"@executable_path/Frameworks",
					"@loader_path/Frameworks",
				);
				PRODUCT_BUNDLE_IDENTIFIER = io.noahsadir.GradeKeeperUITests;
				PRODUCT_NAME = "$(TARGET_NAME)";
				SWIFT_VERSION = 5.0;
				TARGETED_DEVICE_FAMILY = "1,2";
				TEST_TARGET_NAME = GradeKeeper;
			};
			name = Debug;
		};
		FF31E3EE271A57950060BFFB /* Release */ = {
			isa = XCBuildConfiguration;
			buildSettings = {
				ALWAYS_EMBED_SWIFT_STANDARD_LIBRARIES = YES;
				CODE_SIGN_STYLE = Automatic;
				DEVELOPMENT_TEAM = Y7NL9XLUR5;
				INFOPLIST_FILE = GradeKeeperUITests/Info.plist;
				LD_RUNPATH_SEARCH_PATHS = (
					"$(inherited)",
					"@executable_path/Frameworks",
					"@loader_path/Frameworks",
				);
				PRODUCT_BUNDLE_IDENTIFIER = io.noahsadir.GradeKeeperUITests;
				PRODUCT_NAME = "$(TARGET_NAME)";
				SWIFT_VERSION = 5.0;
				TARGETED_DEVICE_FAMILY = "1,2";
				TEST_TARGET_NAME = GradeKeeper;
			};
			name = Release;
		};
/* End XCBuildConfiguration section */

/* Begin XCConfigurationList section */
		FF31E3B7271A57930060BFFB /* Build configuration list for PBXProject "Courseman" */ = {
			isa = XCConfigurationList;
			buildConfigurations = (
				FF31E3E4271A57950060BFFB /* Debug */,
				FF31E3E5271A57950060BFFB /* Release */,
			);
			defaultConfigurationIsVisible = 0;
			defaultConfigurationName = Release;
		};
		FF31E3E6271A57950060BFFB /* Build configuration list for PBXNativeTarget "Courseman" */ = {
			isa = XCConfigurationList;
			buildConfigurations = (
				FF31E3E7271A57950060BFFB /* Debug */,
				FF31E3E8271A57950060BFFB /* Release */,
			);
			defaultConfigurationIsVisible = 0;
			defaultConfigurationName = Release;
		};
		FF31E3E9271A57950060BFFB /* Build configuration list for PBXNativeTarget "CoursemanTests" */ = {
			isa = XCConfigurationList;
			buildConfigurations = (
				FF31E3EA271A57950060BFFB /* Debug */,
				FF31E3EB271A57950060BFFB /* Release */,
			);
			defaultConfigurationIsVisible = 0;
			defaultConfigurationName = Release;
		};
		FF31E3EC271A57950060BFFB /* Build configuration list for PBXNativeTarget "CoursemanUITests" */ = {
			isa = XCConfigurationList;
			buildConfigurations = (
				FF31E3ED271A57950060BFFB /* Debug */,
				FF31E3EE271A57950060BFFB /* Release */,
			);
			defaultConfigurationIsVisible = 0;
			defaultConfigurationName = Release;
		};
/* End XCConfigurationList section */
	};
	rootObject = FF31E3B4271A57930060BFFB /* Project object */;
}
